
Microsoft Visual Studio Solution File, Format Version 12.00
# Visual Studio 15
VisualStudioVersion = 15.0.27428.2015
MinimumVisualStudioVersion = 10.0.40219.1
Project("{FAE04EC0-301F-11D3-BF4B-00C04F79EFBC}") = "EightQueensBruteForceApproaches", "EightQueensBruteForceApproaches.csproj", "{6893D3ED-385B-4C02-AF58-873FBB8E4052}"
EndProject
Global
	GlobalSection(SolutionConfigurationPlatforms) = preSolution
		Debug|Any CPU = Debug|Any CPU
		Release|Any CPU = Release|Any CPU
	EndGlobalSection
	GlobalSection(ProjectConfigurationPlatforms) = postSolution
		{6893D3ED-385B-4C02-AF58-873FBB8E4052}.Debug|Any CPU.ActiveCfg = Debug|Any CPU
		{6893D3ED-385B-4C02-AF58-873FBB8E4052}.Debug|Any CPU.Build.0 = Debug|Any CPU
		{6893D3ED-385B-4C02-AF58-873FBB8E4052}.Release|Any CPU.ActiveCfg = Release|Any CPU
		{6893D3ED-385B-4C02-AF58-873FBB8E4052}.Release|Any CPU.Build.0 = Release|Any CPU
	EndGlobalSection
	GlobalSection(SolutionProperties) = preSolution
		HideSolutionNode = FALSE
	EndGlobalSection
	GlobalSection(ExtensibilityGlobals) = postSolution
		SolutionGuid = {A4A62AF7-E8A4-4BD1-B22B-495DEC6AD604}
	EndGlobalSection
EndGlobal
