
Microsoft Visual Studio Solution File, Format Version 12.00
# Visual Studio 15
VisualStudioVersion = 15.0.27703.2035
MinimumVisualStudioVersion = 10.0.40219.1
Project("{FAE04EC0-301F-11D3-BF4B-00C04F79EFBC}") = "SimpletronSimulatorModifications", "SimpletronSimulatorModifications.csproj", "{22B1FCB6-E1CF-4265-ABC6-3200694907CD}"
EndProject
Global
	GlobalSection(SolutionConfigurationPlatforms) = preSolution
		Debug|Any CPU = Debug|Any CPU
		Release|Any CPU = Release|Any CPU
	EndGlobalSection
	GlobalSection(ProjectConfigurationPlatforms) = postSolution
		{22B1FCB6-E1CF-4265-ABC6-3200694907CD}.Debug|Any CPU.ActiveCfg = Debug|Any CPU
		{22B1FCB6-E1CF-4265-ABC6-3200694907CD}.Debug|Any CPU.Build.0 = Debug|Any CPU
		{22B1FCB6-E1CF-4265-ABC6-3200694907CD}.Release|Any CPU.ActiveCfg = Release|Any CPU
		{22B1FCB6-E1CF-4265-ABC6-3200694907CD}.Release|Any CPU.Build.0 = Release|Any CPU
	EndGlobalSection
	GlobalSection(SolutionProperties) = preSolution
		HideSolutionNode = FALSE
	EndGlobalSection
	GlobalSection(ExtensibilityGlobals) = postSolution
		SolutionGuid = {8F5D3887-FB38-498B-855E-C0F76B151DBE}
	EndGlobalSection
EndGlobal
