
Microsoft Visual Studio Solution File, Format Version 12.00
# Visual Studio 15
VisualStudioVersion = 15.0.28010.2016
MinimumVisualStudioVersion = 10.0.40219.1
Project("{FAE04EC0-301F-11D3-BF4B-00C04F79EFBC}") = "QueryingAnArrayOfInvoiceObjects", "QueryingAnArrayOfInvoiceObjects.csproj", "{532A0129-D9C6-43DF-8629-B7B1B48E13A7}"
EndProject
Global
	GlobalSection(SolutionConfigurationPlatforms) = preSolution
		Debug|Any CPU = Debug|Any CPU
		Release|Any CPU = Release|Any CPU
	EndGlobalSection
	GlobalSection(ProjectConfigurationPlatforms) = postSolution
		{532A0129-D9C6-43DF-8629-B7B1B48E13A7}.Debug|Any CPU.ActiveCfg = Debug|Any CPU
		{532A0129-D9C6-43DF-8629-B7B1B48E13A7}.Debug|Any CPU.Build.0 = Debug|Any CPU
		{532A0129-D9C6-43DF-8629-B7B1B48E13A7}.Release|Any CPU.ActiveCfg = Release|Any CPU
		{532A0129-D9C6-43DF-8629-B7B1B48E13A7}.Release|Any CPU.Build.0 = Release|Any CPU
	EndGlobalSection
	GlobalSection(SolutionProperties) = preSolution
		HideSolutionNode = FALSE
	EndGlobalSection
	GlobalSection(ExtensibilityGlobals) = postSolution
		SolutionGuid = {36210060-F8B2-4517-A270-E684445CD97E}
	EndGlobalSection
EndGlobal
