
Microsoft Visual Studio Solution File, Format Version 12.00
# Visual Studio 15
VisualStudioVersion = 15.0.27428.2002
MinimumVisualStudioVersion = 10.0.40219.1
Project("{FAE04EC0-301F-11D3-BF4B-00C04F79EFBC}") = "EightQueens", "EightQueens.csproj", "{87327207-4F47-47BA-8181-FB40A4666C6E}"
EndProject
Global
	GlobalSection(SolutionConfigurationPlatforms) = preSolution
		Debug|Any CPU = Debug|Any CPU
		Release|Any CPU = Release|Any CPU
	EndGlobalSection
	GlobalSection(ProjectConfigurationPlatforms) = postSolution
		{87327207-4F47-47BA-8181-FB40A4666C6E}.Debug|Any CPU.ActiveCfg = Debug|Any CPU
		{87327207-4F47-47BA-8181-FB40A4666C6E}.Debug|Any CPU.Build.0 = Debug|Any CPU
		{87327207-4F47-47BA-8181-FB40A4666C6E}.Release|Any CPU.ActiveCfg = Release|Any CPU
		{87327207-4F47-47BA-8181-FB40A4666C6E}.Release|Any CPU.Build.0 = Release|Any CPU
	EndGlobalSection
	GlobalSection(SolutionProperties) = preSolution
		HideSolutionNode = FALSE
	EndGlobalSection
	GlobalSection(ExtensibilityGlobals) = postSolution
		SolutionGuid = {0181F002-F080-441E-BD08-77BE343A78EC}
	EndGlobalSection
EndGlobal
